// !$*UTF8*$!
{
	archiveVersion = 1;
	classes = {
	};
	objectVersion = 56;
	objects = {

/* Begin PBXBuildFile section */
		3CAD4CA82B1D78FC00579B96 /* SettingsView.swift in Sources */ = {isa = PBXBuildFile; fileRef = 3CAD4CA72B1D78FC00579B96 /* SettingsView.swift */; };
		3CAD4CAC2B1EA34B00579B96 /* Json.swift in Sources */ = {isa = PBXBuildFile; fileRef = 3CAD4CAB2B1EA34B00579B96 /* Json.swift */; };
		3CAD4CAE2B1EA36900579B96 /* WebsocketClient.swift in Sources */ = {isa = PBXBuildFile; fileRef = 3CAD4CAD2B1EA36900579B96 /* WebsocketClient.swift */; };
		3CAD4CB02B1EA3A000579B96 /* Toggle.swift in Sources */ = {isa = PBXBuildFile; fileRef = 3CAD4CAF2B1EA3A000579B96 /* Toggle.swift */; };
		3CAD4CB22B1EB55B00579B96 /* SpeechRecognition.swift in Sources */ = {isa = PBXBuildFile; fileRef = 3CAD4CB12B1EB55B00579B96 /* SpeechRecognition.swift */; };
		3CAD4CBC2B20159600579B96 /* Audio.swift in Sources */ = {isa = PBXBuildFile; fileRef = 3CAD4CBB2B20159600579B96 /* Audio.swift */; };
		3CC769BC2B1AABDA001B80E6 /* Ballbert_IOSApp.swift in Sources */ = {isa = PBXBuildFile; fileRef = 3CC769BB2B1AABDA001B80E6 /* Ballbert_IOSApp.swift */; };
		3CC769BE2B1AABDA001B80E6 /* ContentView.swift in Sources */ = {isa = PBXBuildFile; fileRef = 3CC769BD2B1AABDA001B80E6 /* ContentView.swift */; };
		3CC769C02B1AABDB001B80E6 /* Assets.xcassets in Resources */ = {isa = PBXBuildFile; fileRef = 3CC769BF2B1AABDB001B80E6 /* Assets.xcassets */; };
		3CC769C32B1AABDB001B80E6 /* Preview Assets.xcassets in Resources */ = {isa = PBXBuildFile; fileRef = 3CC769C22B1AABDB001B80E6 /* Preview Assets.xcassets */; };
/* End PBXBuildFile section */

/* Begin PBXFileReference section */
		3C823F832B24D74D00D90F89 /* Ballbert_IOS.entitlements */ = {isa = PBXFileReference; lastKnownFileType = text.plist.entitlements; path = Ballbert_IOS.entitlements; sourceTree = "<group>"; };
		3CAD4CA72B1D78FC00579B96 /* SettingsView.swift */ = {isa = PBXFileReference; lastKnownFileType = sourcecode.swift; path = SettingsView.swift; sourceTree = "<group>"; };
		3CAD4CAB2B1EA34B00579B96 /* Json.swift */ = {isa = PBXFileReference; lastKnownFileType = sourcecode.swift; path = Json.swift; sourceTree = "<group>"; };
		3CAD4CAD2B1EA36900579B96 /* WebsocketClient.swift */ = {isa = PBXFileReference; lastKnownFileType = sourcecode.swift; path = WebsocketClient.swift; sourceTree = "<group>"; };
		3CAD4CAF2B1EA3A000579B96 /* Toggle.swift */ = {isa = PBXFileReference; lastKnownFileType = sourcecode.swift; path = Toggle.swift; sourceTree = "<group>"; };
		3CAD4CB12B1EB55B00579B96 /* SpeechRecognition.swift */ = {isa = PBXFileReference; lastKnownFileType = sourcecode.swift; path = SpeechRecognition.swift; sourceTree = "<group>"; };
		3CAD4CBA2B1ECB4E00579B96 /* Audio.playground */ = {isa = PBXFileReference; lastKnownFileType = file.playground; path = Audio.playground; sourceTree = "<group>"; xcLanguageSpecificationIdentifier = xcode.lang.swift; };
		3CAD4CBB2B20159600579B96 /* Audio.swift */ = {isa = PBXFileReference; lastKnownFileType = sourcecode.swift; path = Audio.swift; sourceTree = "<group>"; };
		3CC769B82B1AABDA001B80E6 /* Ballbert_IOS.app */ = {isa = PBXFileReference; explicitFileType = wrapper.application; includeInIndex = 0; path = Ballbert_IOS.app; sourceTree = BUILT_PRODUCTS_DIR; };
		3CC769BB2B1AABDA001B80E6 /* Ballbert_IOSApp.swift */ = {isa = PBXFileReference; lastKnownFileType = sourcecode.swift; path = Ballbert_IOSApp.swift; sourceTree = "<group>"; };
		3CC769BD2B1AABDA001B80E6 /* ContentView.swift */ = {isa = PBXFileReference; lastKnownFileType = sourcecode.swift; path = ContentView.swift; sourceTree = "<group>"; };
		3CC769BF2B1AABDB001B80E6 /* Assets.xcassets */ = {isa = PBXFileReference; lastKnownFileType = folder.assetcatalog; path = Assets.xcassets; sourceTree = "<group>"; };
		3CC769C22B1AABDB001B80E6 /* Preview Assets.xcassets */ = {isa = PBXFileReference; lastKnownFileType = folder.assetcatalog; path = "Preview Assets.xcassets"; sourceTree = "<group>"; };
/* End PBXFileReference section */

/* Begin PBXFrameworksBuildPhase section */
		3CC769B52B1AABDA001B80E6 /* Frameworks */ = {
			isa = PBXFrameworksBuildPhase;
			buildActionMask = 2147483647;
			files = (
			);
			runOnlyForDeploymentPostprocessing = 0;
		};
/* End PBXFrameworksBuildPhase section */

/* Begin PBXGroup section */
		3CC769AF2B1AABDA001B80E6 = {
			isa = PBXGroup;
			children = (
				3CC769BA2B1AABDA001B80E6 /* Ballbert_IOS */,
				3CC769B92B1AABDA001B80E6 /* Products */,
			);
			sourceTree = "<group>";
		};
		3CC769B92B1AABDA001B80E6 /* Products */ = {
			isa = PBXGroup;
			children = (
				3CC769B82B1AABDA001B80E6 /* Ballbert_IOS.app */,
			);
			name = Products;
			sourceTree = "<group>";
		};
		3CC769BA2B1AABDA001B80E6 /* Ballbert_IOS */ = {
			isa = PBXGroup;
			children = (
				3C823F832B24D74D00D90F89 /* Ballbert_IOS.entitlements */,
				3CAD4CAD2B1EA36900579B96 /* WebsocketClient.swift */,
				3CC769BB2B1AABDA001B80E6 /* Ballbert_IOSApp.swift */,
				3CC769BD2B1AABDA001B80E6 /* ContentView.swift */,
				3CAD4CBA2B1ECB4E00579B96 /* Audio.playground */,
				3CAD4CB12B1EB55B00579B96 /* SpeechRecognition.swift */,
				3CAD4CAF2B1EA3A000579B96 /* Toggle.swift */,
				3CAD4CAB2B1EA34B00579B96 /* Json.swift */,
				3CAD4CA72B1D78FC00579B96 /* SettingsView.swift */,
				3CC769BF2B1AABDB001B80E6 /* Assets.xcassets */,
				3CC769C12B1AABDB001B80E6 /* Preview Content */,
				3CAD4CBB2B20159600579B96 /* Audio.swift */,
			);
			path = Ballbert_IOS;
			sourceTree = "<group>";
		};
		3CC769C12B1AABDB001B80E6 /* Preview Content */ = {
			isa = PBXGroup;
			children = (
				3CC769C22B1AABDB001B80E6 /* Preview Assets.xcassets */,
			);
			path = "Preview Content";
			sourceTree = "<group>";
		};
/* End PBXGroup section */

/* Begin PBXNativeTarget section */
		3CC769B72B1AABDA001B80E6 /* Ballbert_IOS */ = {
			isa = PBXNativeTarget;
			buildConfigurationList = 3CC769C62B1AABDB001B80E6 /* Build configuration list for PBXNativeTarget "Ballbert_IOS" */;
			buildPhases = (
				3CC769B42B1AABDA001B80E6 /* Sources */,
				3CC769B52B1AABDA001B80E6 /* Frameworks */,
				3CC769B62B1AABDA001B80E6 /* Resources */,
			);
			buildRules = (
			);
			dependencies = (
			);
			name = Ballbert_IOS;
			productName = Ballbert_IOS;
			productReference = 3CC769B82B1AABDA001B80E6 /* Ballbert_IOS.app */;
			productType = "com.apple.product-type.application";
		};
/* End PBXNativeTarget section */

/* Begin PBXProject section */
		3CC769B02B1AABDA001B80E6 /* Project object */ = {
			isa = PBXProject;
			attributes = {
				BuildIndependentTargetsInParallel = 1;
				LastSwiftUpdateCheck = 1430;
				LastUpgradeCheck = 1500;
				TargetAttributes = {
					3CC769B72B1AABDA001B80E6 = {
						CreatedOnToolsVersion = 14.3.1;
					};
				};
			};
			buildConfigurationList = 3CC769B32B1AABDA001B80E6 /* Build configuration list for PBXProject "Ballbert_IOS" */;
			compatibilityVersion = "Xcode 14.0";
			developmentRegion = en;
			hasScannedForEncodings = 0;
			knownRegions = (
				en,
				Base,
			);
			mainGroup = 3CC769AF2B1AABDA001B80E6;
			productRefGroup = 3CC769B92B1AABDA001B80E6 /* Products */;
			projectDirPath = "";
			projectRoot = "";
			targets = (
				3CC769B72B1AABDA001B80E6 /* Ballbert_IOS */,
			);
		};
/* End PBXProject section */

/* Begin PBXResourcesBuildPhase section */
		3CC769B62B1AABDA001B80E6 /* Resources */ = {
			isa = PBXResourcesBuildPhase;
			buildActionMask = 2147483647;
			files = (
				3CC769C32B1AABDB001B80E6 /* Preview Assets.xcassets in Resources */,
				3CC769C02B1AABDB001B80E6 /* Assets.xcassets in Resources */,
			);
			runOnlyForDeploymentPostprocessing = 0;
		};
/* End PBXResourcesBuildPhase section */

/* Begin PBXSourcesBuildPhase section */
		3CC769B42B1AABDA001B80E6 /* Sources */ = {
			isa = PBXSourcesBuildPhase;
			buildActionMask = 2147483647;
			files = (
				3CAD4CBC2B20159600579B96 /* Audio.swift in Sources */,
				3CAD4CA82B1D78FC00579B96 /* SettingsView.swift in Sources */,
				3CC769BE2B1AABDA001B80E6 /* ContentView.swift in Sources */,
				3CAD4CAE2B1EA36900579B96 /* WebsocketClient.swift in Sources */,
				3CAD4CB02B1EA3A000579B96 /* Toggle.swift in Sources */,
				3CC769BC2B1AABDA001B80E6 /* Ballbert_IOSApp.swift in Sources */,
				3CAD4CB22B1EB55B00579B96 /* SpeechRecognition.swift in Sources */,
				3CAD4CAC2B1EA34B00579B96 /* Json.swift in Sources */,
			);
			runOnlyForDeploymentPostprocessing = 0;
		};
/* End PBXSourcesBuildPhase section */

/* Begin XCBuildConfiguration section */
		3CC769C42B1AABDB001B80E6 /* Debug */ = {
			isa = XCBuildConfiguration;
			buildSettings = {
				ALWAYS_SEARCH_USER_PATHS = NO;
				CLANG_ANALYZER_NONNULL = YES;
				CLANG_ANALYZER_NUMBER_OBJECT_CONVERSION = YES_AGGRESSIVE;
				CLANG_CXX_LANGUAGE_STANDARD = "gnu++20";
				CLANG_ENABLE_MODULES = YES;
				CLANG_ENABLE_OBJC_ARC = YES;
				CLANG_ENABLE_OBJC_WEAK = YES;
				CLANG_WARN_BLOCK_CAPTURE_AUTORELEASING = YES;
				CLANG_WARN_BOOL_CONVERSION = YES;
				CLANG_WARN_COMMA = YES;
				CLANG_WARN_CONSTANT_CONVERSION = YES;
				CLANG_WARN_DEPRECATED_OBJC_IMPLEMENTATIONS = YES;
				CLANG_WARN_DIRECT_OBJC_ISA_USAGE = YES_ERROR;
				CLANG_WARN_DOCUMENTATION_COMMENTS = YES;
				CLANG_WARN_EMPTY_BODY = YES;
				CLANG_WARN_ENUM_CONVERSION = YES;
				CLANG_WARN_INFINITE_RECURSION = YES;
				CLANG_WARN_INT_CONVERSION = YES;
				CLANG_WARN_NON_LITERAL_NULL_CONVERSION = YES;
				CLANG_WARN_OBJC_IMPLICIT_RETAIN_SELF = YES;
				CLANG_WARN_OBJC_LITERAL_CONVERSION = YES;
				CLANG_WARN_OBJC_ROOT_CLASS = YES_ERROR;
				CLANG_WARN_QUOTED_INCLUDE_IN_FRAMEWORK_HEADER = YES;
				CLANG_WARN_RANGE_LOOP_ANALYSIS = YES;
				CLANG_WARN_STRICT_PROTOTYPES = YES;
				CLANG_WARN_SUSPICIOUS_MOVE = YES;
				CLANG_WARN_UNGUARDED_AVAILABILITY = YES_AGGRESSIVE;
				CLANG_WARN_UNREACHABLE_CODE = YES;
				CLANG_WARN__DUPLICATE_METHOD_MATCH = YES;
				COPY_PHASE_STRIP = NO;
				DEBUG_INFORMATION_FORMAT = dwarf;
				ENABLE_STRICT_OBJC_MSGSEND = YES;
				ENABLE_TESTABILITY = YES;
				ENABLE_USER_SCRIPT_SANDBOXING = YES;
				GCC_C_LANGUAGE_STANDARD = gnu11;
				GCC_DYNAMIC_NO_PIC = NO;
				GCC_NO_COMMON_BLOCKS = YES;
				GCC_OPTIMIZATION_LEVEL = 0;
				GCC_PREPROCESSOR_DEFINITIONS = (
					"DEBUG=1",
					"$(inherited)",
				);
				GCC_WARN_64_TO_32_BIT_CONVERSION = YES;
				GCC_WARN_ABOUT_RETURN_TYPE = YES_ERROR;
				GCC_WARN_UNDECLARED_SELECTOR = YES;
				GCC_WARN_UNINITIALIZED_AUTOS = YES_AGGRESSIVE;
				GCC_WARN_UNUSED_FUNCTION = YES;
				GCC_WARN_UNUSED_VARIABLE = YES;
				IPHONEOS_DEPLOYMENT_TARGET = 16.4;
				MTL_ENABLE_DEBUG_INFO = INCLUDE_SOURCE;
				MTL_FAST_MATH = YES;
				ONLY_ACTIVE_ARCH = YES;
				SDKROOT = iphoneos;
				SWIFT_ACTIVE_COMPILATION_CONDITIONS = DEBUG;
				SWIFT_OPTIMIZATION_LEVEL = "-Onone";
			};
			name = Debug;
		};
		3CC769C52B1AABDB001B80E6 /* Release */ = {
			isa = XCBuildConfiguration;
			buildSettings = {
				ALWAYS_SEARCH_USER_PATHS = NO;
				CLANG_ANALYZER_NONNULL = YES;
				CLANG_ANALYZER_NUMBER_OBJECT_CONVERSION = YES_AGGRESSIVE;
				CLANG_CXX_LANGUAGE_STANDARD = "gnu++20";
				CLANG_ENABLE_MODULES = YES;
				CLANG_ENABLE_OBJC_ARC = YES;
				CLANG_ENABLE_OBJC_WEAK = YES;
				CLANG_WARN_BLOCK_CAPTURE_AUTORELEASING = YES;
				CLANG_WARN_BOOL_CONVERSION = YES;
				CLANG_WARN_COMMA = YES;
				CLANG_WARN_CONSTANT_CONVERSION = YES;
				CLANG_WARN_DEPRECATED_OBJC_IMPLEMENTATIONS = YES;
				CLANG_WARN_DIRECT_OBJC_ISA_USAGE = YES_ERROR;
				CLANG_WARN_DOCUMENTATION_COMMENTS = YES;
				CLANG_WARN_EMPTY_BODY = YES;
				CLANG_WARN_ENUM_CONVERSION = YES;
				CLANG_WARN_INFINITE_RECURSION = YES;
				CLANG_WARN_INT_CONVERSION = YES;
				CLANG_WARN_NON_LITERAL_NULL_CONVERSION = YES;
				CLANG_WARN_OBJC_IMPLICIT_RETAIN_SELF = YES;
				CLANG_WARN_OBJC_LITERAL_CONVERSION = YES;
				CLANG_WARN_OBJC_ROOT_CLASS = YES_ERROR;
				CLANG_WARN_QUOTED_INCLUDE_IN_FRAMEWORK_HEADER = YES;
				CLANG_WARN_RANGE_LOOP_ANALYSIS = YES;
				CLANG_WARN_STRICT_PROTOTYPES = YES;
				CLANG_WARN_SUSPICIOUS_MOVE = YES;
				CLANG_WARN_UNGUARDED_AVAILABILITY = YES_AGGRESSIVE;
				CLANG_WARN_UNREACHABLE_CODE = YES;
				CLANG_WARN__DUPLICATE_METHOD_MATCH = YES;
				COPY_PHASE_STRIP = NO;
				DEBUG_INFORMATION_FORMAT = "dwarf-with-dsym";
				ENABLE_NS_ASSERTIONS = NO;
				ENABLE_STRICT_OBJC_MSGSEND = YES;
				ENABLE_USER_SCRIPT_SANDBOXING = YES;
				GCC_C_LANGUAGE_STANDARD = gnu11;
				GCC_NO_COMMON_BLOCKS = YES;
				GCC_WARN_64_TO_32_BIT_CONVERSION = YES;
				GCC_WARN_ABOUT_RETURN_TYPE = YES_ERROR;
				GCC_WARN_UNDECLARED_SELECTOR = YES;
				GCC_WARN_UNINITIALIZED_AUTOS = YES_AGGRESSIVE;
				GCC_WARN_UNUSED_FUNCTION = YES;
				GCC_WARN_UNUSED_VARIABLE = YES;
				IPHONEOS_DEPLOYMENT_TARGET = 16.4;
				MTL_ENABLE_DEBUG_INFO = NO;
				MTL_FAST_MATH = YES;
				SDKROOT = iphoneos;
				SWIFT_COMPILATION_MODE = wholemodule;
				SWIFT_OPTIMIZATION_LEVEL = "-O";
				VALIDATE_PRODUCT = YES;
			};
			name = Release;
		};
		3CC769C72B1AABDB001B80E6 /* Debug */ = {
			isa = XCBuildConfiguration;
			buildSettings = {
				ASSETCATALOG_COMPILER_APPICON_NAME = AppIcon;
				ASSETCATALOG_COMPILER_GLOBAL_ACCENT_COLOR_NAME = AccentColor;
				CODE_SIGN_ENTITLEMENTS = Ballbert_IOS/Ballbert_IOS.entitlements;
				"CODE_SIGN_IDENTITY[sdk=macosx*]" = "Apple Development";
				CODE_SIGN_STYLE = Automatic;
				CURRENT_PROJECT_VERSION = 1;
				DEVELOPMENT_ASSET_PATHS = "\"Ballbert_IOS/Preview Content\"";
				DEVELOPMENT_TEAM = FWSPN35UP2;
				ENABLE_PREVIEWS = YES;
				GENERATE_INFOPLIST_FILE = YES;
				INFOPLIST_KEY_CFBundleDisplayName = Ballbert;
				INFOPLIST_KEY_LSApplicationCategoryType = "public.app-category.lifestyle";
				INFOPLIST_KEY_NSMicrophoneUsageDescription = "Audio is recorded to use the voice feature.";
				INFOPLIST_KEY_NSSpeechRecognitionUsageDescription = "Audio is recorded to use the voice feature.";
				INFOPLIST_KEY_UIApplicationSceneManifest_Generation = YES;
				INFOPLIST_KEY_UIApplicationSupportsIndirectInputEvents = YES;
				INFOPLIST_KEY_UILaunchScreen_Generation = YES;
				INFOPLIST_KEY_UISupportedInterfaceOrientations_iPad = "UIInterfaceOrientationPortrait UIInterfaceOrientationPortraitUpsideDown UIInterfaceOrientationLandscapeLeft UIInterfaceOrientationLandscapeRight";
				INFOPLIST_KEY_UISupportedInterfaceOrientations_iPhone = "UIInterfaceOrientationPortrait UIInterfaceOrientationLandscapeLeft UIInterfaceOrientationLandscapeRight";
				LD_RUNPATH_SEARCH_PATHS = (
					"$(inherited)",
					"@executable_path/Frameworks",
				);
				MARKETING_VERSION = 1.0;
				PRODUCT_BUNDLE_IDENTIFIER = com.ballbert.Ballbert;
				"PRODUCT_BUNDLE_IDENTIFIER[sdk=iphoneos*]" = "com.ballbert.ballbert-for-ios";
				"PRODUCT_BUNDLE_IDENTIFIER[sdk=macosx*]" = "com.ballbert.ballbert-for-ios";
				PRODUCT_NAME = "$(TARGET_NAME)";
				SUPPORTED_PLATFORMS = "iphoneos iphonesimulator";
				SUPPORTS_MACCATALYST = YES;
				SWIFT_EMIT_LOC_STRINGS = YES;
				SWIFT_VERSION = 5.0;
				TARGETED_DEVICE_FAMILY = "1,2";
			};
			name = Debug;
		};
		3CC769C82B1AABDB001B80E6 /* Release */ = {
			isa = XCBuildConfiguration;
			buildSettings = {
				ASSETCATALOG_COMPILER_APPICON_NAME = AppIcon;
				ASSETCATALOG_COMPILER_GLOBAL_ACCENT_COLOR_NAME = AccentColor;
				CODE_SIGN_ENTITLEMENTS = Ballbert_IOS/Ballbert_IOS.entitlements;
				"CODE_SIGN_IDENTITY[sdk=macosx*]" = "Apple Development";
				CODE_SIGN_STYLE = Automatic;
				CURRENT_PROJECT_VERSION = 1;
				DEVELOPMENT_ASSET_PATHS = "\"Ballbert_IOS/Preview Content\"";
				DEVELOPMENT_TEAM = FWSPN35UP2;
				ENABLE_PREVIEWS = YES;
				GENERATE_INFOPLIST_FILE = YES;
				INFOPLIST_KEY_CFBundleDisplayName = Ballbert;
				INFOPLIST_KEY_LSApplicationCategoryType = "public.app-category.lifestyle";
				INFOPLIST_KEY_NSMicrophoneUsageDescription = "Audio is recorded to use the voice feature.";
				INFOPLIST_KEY_NSSpeechRecognitionUsageDescription = "Audio is recorded to use the voice feature.";
				INFOPLIST_KEY_UIApplicationSceneManifest_Generation = YES;
				INFOPLIST_KEY_UIApplicationSupportsIndirectInputEvents = YES;
				INFOPLIST_KEY_UILaunchScreen_Generation = YES;
				INFOPLIST_KEY_UISupportedInterfaceOrientations_iPad = "UIInterfaceOrientationPortrait UIInterfaceOrientationPortraitUpsideDown UIInterfaceOrientationLandscapeLeft UIInterfaceOrientationLandscapeRight";
				INFOPLIST_KEY_UISupportedInterfaceOrientations_iPhone = "UIInterfaceOrientationPortrait UIInterfaceOrientationLandscapeLeft UIInterfaceOrientationLandscapeRight";
				LD_RUNPATH_SEARCH_PATHS = (
					"$(inherited)",
					"@executable_path/Frameworks",
				);
				MARKETING_VERSION = 1.0;
				PRODUCT_BUNDLE_IDENTIFIER = com.ballbert.Ballbert;
				"PRODUCT_BUNDLE_IDENTIFIER[sdk=iphoneos*]" = "com.ballbert.ballbert-for-ios";
				"PRODUCT_BUNDLE_IDENTIFIER[sdk=macosx*]" = "com.ballbert.ballbert-for-ios";
				PRODUCT_NAME = "$(TARGET_NAME)";
				SUPPORTED_PLATFORMS = "iphoneos iphonesimulator";
				SUPPORTS_MACCATALYST = YES;
				SWIFT_EMIT_LOC_STRINGS = YES;
				SWIFT_VERSION = 5.0;
				TARGETED_DEVICE_FAMILY = "1,2";
			};
			name = Release;
		};
/* End XCBuildConfiguration section */

/* Begin XCConfigurationList section */
		3CC769B32B1AABDA001B80E6 /* Build configuration list for PBXProject "Ballbert_IOS" */ = {
			isa = XCConfigurationList;
			buildConfigurations = (
				3CC769C42B1AABDB001B80E6 /* Debug */,
				3CC769C52B1AABDB001B80E6 /* Release */,
			);
			defaultConfigurationIsVisible = 0;
			defaultConfigurationName = Release;
		};
		3CC769C62B1AABDB001B80E6 /* Build configuration list for PBXNativeTarget "Ballbert_IOS" */ = {
			isa = XCConfigurationList;
			buildConfigurations = (
				3CC769C72B1AABDB001B80E6 /* Debug */,
				3CC769C82B1AABDB001B80E6 /* Release */,
			);
			defaultConfigurationIsVisible = 0;
			defaultConfigurationName = Release;
		};
/* End XCConfigurationList section */
	};
	rootObject = 3CC769B02B1AABDA001B80E6 /* Project object */;
}
